// !$*UTF8*$!
{
	archiveVersion = 1;
	classes = {
	};
	objectVersion = 50;
	objects = {

/* Begin PBXBuildFile section */
		6F4972E52458D13B002939AE /* StatisticsView.swift in Sources */ = {isa = PBXBuildFile; fileRef = 6F4972E42458D13B002939AE /* StatisticsView.swift */; };
		6F89EE1523AB8E7C00665338 /* AppDelegate.swift in Sources */ = {isa = PBXBuildFile; fileRef = 6F89EE1423AB8E7C00665338 /* AppDelegate.swift */; };
		6F89EE1723AB8E7C00665338 /* SceneDelegate.swift in Sources */ = {isa = PBXBuildFile; fileRef = 6F89EE1623AB8E7C00665338 /* SceneDelegate.swift */; };
		6F89EE1923AB8E7C00665338 /* ContentView.swift in Sources */ = {isa = PBXBuildFile; fileRef = 6F89EE1823AB8E7C00665338 /* ContentView.swift */; };
		6F89EE1B23AB8E8200665338 /* Assets.xcassets in Resources */ = {isa = PBXBuildFile; fileRef = 6F89EE1A23AB8E8200665338 /* Assets.xcassets */; };
		6F89EE1E23AB8E8200665338 /* Preview Assets.xcassets in Resources */ = {isa = PBXBuildFile; fileRef = 6F89EE1D23AB8E8200665338 /* Preview Assets.xcassets */; };
		6F89EE2123AB8E8200665338 /* LaunchScreen.storyboard in Resources */ = {isa = PBXBuildFile; fileRef = 6F89EE1F23AB8E8200665338 /* LaunchScreen.storyboard */; };
		6F89EE2C23AB8E8300665338 /* QuizTests.swift in Sources */ = {isa = PBXBuildFile; fileRef = 6F89EE2B23AB8E8300665338 /* QuizTests.swift */; };
		6F89EE3923AB917300665338 /* ContentViewModel.swift in Sources */ = {isa = PBXBuildFile; fileRef = 6F89EE3823AB917300665338 /* ContentViewModel.swift */; };
/* End PBXBuildFile section */

/* Begin PBXContainerItemProxy section */
		6F89EE2823AB8E8300665338 /* PBXContainerItemProxy */ = {
			isa = PBXContainerItemProxy;
			containerPortal = 6F89EE0923AB8E7C00665338 /* Project object */;
			proxyType = 1;
			remoteGlobalIDString = 6F89EE1023AB8E7C00665338;
			remoteInfo = Quiz;
		};
/* End PBXContainerItemProxy section */

/* Begin PBXFileReference section */
		6F4972E42458D13B002939AE /* StatisticsView.swift */ = {isa = PBXFileReference; fileEncoding = 4; lastKnownFileType = sourcecode.swift; path = StatisticsView.swift; sourceTree = "<group>"; };
		6F89EE1123AB8E7C00665338 /* Quiz.app */ = {isa = PBXFileReference; explicitFileType = wrapper.application; includeInIndex = 0; path = Quiz.app; sourceTree = BUILT_PRODUCTS_DIR; };
		6F89EE1423AB8E7C00665338 /* AppDelegate.swift */ = {isa = PBXFileReference; lastKnownFileType = sourcecode.swift; path = AppDelegate.swift; sourceTree = "<group>"; };
		6F89EE1623AB8E7C00665338 /* SceneDelegate.swift */ = {isa = PBXFileReference; lastKnownFileType = sourcecode.swift; path = SceneDelegate.swift; sourceTree = "<group>"; };
		6F89EE1823AB8E7C00665338 /* ContentView.swift */ = {isa = PBXFileReference; lastKnownFileType = sourcecode.swift; path = ContentView.swift; sourceTree = "<group>"; };
		6F89EE1A23AB8E8200665338 /* Assets.xcassets */ = {isa = PBXFileReference; lastKnownFileType = folder.assetcatalog; path = Assets.xcassets; sourceTree = "<group>"; };
		6F89EE1D23AB8E8200665338 /* Preview Assets.xcassets */ = {isa = PBXFileReference; lastKnownFileType = folder.assetcatalog; path = "Preview Assets.xcassets"; sourceTree = "<group>"; };
		6F89EE2023AB8E8200665338 /* Base */ = {isa = PBXFileReference; lastKnownFileType = file.storyboard; name = Base; path = Base.lproj/LaunchScreen.storyboard; sourceTree = "<group>"; };
		6F89EE2223AB8E8200665338 /* Info.plist */ = {isa = PBXFileReference; lastKnownFileType = text.plist.xml; path = Info.plist; sourceTree = "<group>"; };
		6F89EE2723AB8E8300665338 /* QuizTests.xctest */ = {isa = PBXFileReference; explicitFileType = wrapper.cfbundle; includeInIndex = 0; path = QuizTests.xctest; sourceTree = BUILT_PRODUCTS_DIR; };
		6F89EE2B23AB8E8300665338 /* QuizTests.swift */ = {isa = PBXFileReference; lastKnownFileType = sourcecode.swift; path = QuizTests.swift; sourceTree = "<group>"; };
		6F89EE2D23AB8E8300665338 /* Info.plist */ = {isa = PBXFileReference; lastKnownFileType = text.plist.xml; path = Info.plist; sourceTree = "<group>"; };
		6F89EE3823AB917300665338 /* ContentViewModel.swift */ = {isa = PBXFileReference; lastKnownFileType = sourcecode.swift; path = ContentViewModel.swift; sourceTree = "<group>"; };
/* End PBXFileReference section */

/* Begin PBXFrameworksBuildPhase section */
		6F89EE0E23AB8E7C00665338 /* Frameworks */ = {
			isa = PBXFrameworksBuildPhase;
			buildActionMask = 2147483647;
			files = (
			);
			runOnlyForDeploymentPostprocessing = 0;
		};
		6F89EE2423AB8E8300665338 /* Frameworks */ = {
			isa = PBXFrameworksBuildPhase;
			buildActionMask = 2147483647;
			files = (
			);
			runOnlyForDeploymentPostprocessing = 0;
		};
/* End PBXFrameworksBuildPhase section */

/* Begin PBXGroup section */
		6F89EE0823AB8E7C00665338 = {
			isa = PBXGroup;
			children = (
				6F89EE1323AB8E7C00665338 /* Quiz */,
				6F89EE2A23AB8E8300665338 /* QuizTests */,
				6F89EE1223AB8E7C00665338 /* Products */,
			);
			sourceTree = "<group>";
		};
		6F89EE1223AB8E7C00665338 /* Products */ = {
			isa = PBXGroup;
			children = (
				6F89EE1123AB8E7C00665338 /* Quiz.app */,
				6F89EE2723AB8E8300665338 /* QuizTests.xctest */,
			);
			name = Products;
			sourceTree = "<group>";
		};
		6F89EE1323AB8E7C00665338 /* Quiz */ = {
			isa = PBXGroup;
			children = (
				6F89EE1423AB8E7C00665338 /* AppDelegate.swift */,
				6F89EE1623AB8E7C00665338 /* SceneDelegate.swift */,
				6F89EE1823AB8E7C00665338 /* ContentView.swift */,
				6F89EE1A23AB8E8200665338 /* Assets.xcassets */,
				6F89EE1F23AB8E8200665338 /* LaunchScreen.storyboard */,
				6F89EE2223AB8E8200665338 /* Info.plist */,
				6F89EE1C23AB8E8200665338 /* Preview Content */,
				6F89EE3823AB917300665338 /* ContentViewModel.swift */,
				6F4972E42458D13B002939AE /* StatisticsView.swift */,
			);
			path = Quiz;
			sourceTree = "<group>";
		};
		6F89EE1C23AB8E8200665338 /* Preview Content */ = {
			isa = PBXGroup;
			children = (
				6F89EE1D23AB8E8200665338 /* Preview Assets.xcassets */,
			);
			path = "Preview Content";
			sourceTree = "<group>";
		};
		6F89EE2A23AB8E8300665338 /* QuizTests */ = {
			isa = PBXGroup;
			children = (
				6F89EE2B23AB8E8300665338 /* QuizTests.swift */,
				6F89EE2D23AB8E8300665338 /* Info.plist */,
			);
			path = QuizTests;
			sourceTree = "<group>";
		};
/* End PBXGroup section */

/* Begin PBXNativeTarget section */
		6F89EE1023AB8E7C00665338 /* Quiz */ = {
			isa = PBXNativeTarget;
			buildConfigurationList = 6F89EE3023AB8E8300665338 /* Build configuration list for PBXNativeTarget "Quiz" */;
			buildPhases = (
				6F89EE0D23AB8E7C00665338 /* Sources */,
				6F89EE0E23AB8E7C00665338 /* Frameworks */,
				6F89EE0F23AB8E7C00665338 /* Resources */,
			);
			buildRules = (
			);
			dependencies = (
			);
			name = Quiz;
			productName = Quiz;
			productReference = 6F89EE1123AB8E7C00665338 /* Quiz.app */;
			productType = "com.apple.product-type.application";
		};
		6F89EE2623AB8E8300665338 /* QuizTests */ = {
			isa = PBXNativeTarget;
			buildConfigurationList = 6F89EE3323AB8E8300665338 /* Build configuration list for PBXNativeTarget "QuizTests" */;
			buildPhases = (
				6F89EE2323AB8E8300665338 /* Sources */,
				6F89EE2423AB8E8300665338 /* Frameworks */,
				6F89EE2523AB8E8300665338 /* Resources */,
			);
			buildRules = (
			);
			dependencies = (
				6F89EE2923AB8E8300665338 /* PBXTargetDependency */,
			);
			name = QuizTests;
			productName = QuizTests;
			productReference = 6F89EE2723AB8E8300665338 /* QuizTests.xctest */;
			productType = "com.apple.product-type.bundle.unit-test";
		};
/* End PBXNativeTarget section */

/* Begin PBXProject section */
		6F89EE0923AB8E7C00665338 /* Project object */ = {
			isa = PBXProject;
			attributes = {
				LastSwiftUpdateCheck = 1120;
				LastUpgradeCheck = 1120;
				ORGANIZATIONNAME = "Hochschule Hamm-Lippstadt";
				TargetAttributes = {
					6F89EE1023AB8E7C00665338 = {
						CreatedOnToolsVersion = 11.2.1;
					};
					6F89EE2623AB8E8300665338 = {
						CreatedOnToolsVersion = 11.2.1;
						TestTargetID = 6F89EE1023AB8E7C00665338;
					};
				};
			};
			buildConfigurationList = 6F89EE0C23AB8E7C00665338 /* Build configuration list for PBXProject "Quiz" */;
			compatibilityVersion = "Xcode 9.3";
			developmentRegion = en;
			hasScannedForEncodings = 0;
			knownRegions = (
				en,
				Base,
			);
			mainGroup = 6F89EE0823AB8E7C00665338;
			productRefGroup = 6F89EE1223AB8E7C00665338 /* Products */;
			projectDirPath = "";
			projectRoot = "";
			targets = (
				6F89EE1023AB8E7C00665338 /* Quiz */,
				6F89EE2623AB8E8300665338 /* QuizTests */,
			);
		};
/* End PBXProject section */

/* Begin PBXResourcesBuildPhase section */
		6F89EE0F23AB8E7C00665338 /* Resources */ = {
			isa = PBXResourcesBuildPhase;
			buildActionMask = 2147483647;
			files = (
				6F89EE2123AB8E8200665338 /* LaunchScreen.storyboard in Resources */,
				6F89EE1E23AB8E8200665338 /* Preview Assets.xcassets in Resources */,
				6F89EE1B23AB8E8200665338 /* Assets.xcassets in Resources */,
			);
			runOnlyForDeploymentPostprocessing = 0;
		};
		6F89EE2523AB8E8300665338 /* Resources */ = {
			isa = PBXResourcesBuildPhase;
			buildActionMask = 2147483647;
			files = (
			);
			runOnlyForDeploymentPostprocessing = 0;
		};
/* End PBXResourcesBuildPhase section */

/* Begin PBXSourcesBuildPhase section */
		6F89EE0D23AB8E7C00665338 /* Sources */ = {
			isa = PBXSourcesBuildPhase;
			buildActionMask = 2147483647;
			files = (
				6F89EE1523AB8E7C00665338 /* AppDelegate.swift in Sources */,
				6F4972E52458D13B002939AE /* StatisticsView.swift in Sources */,
				6F89EE1723AB8E7C00665338 /* SceneDelegate.swift in Sources */,
				6F89EE1923AB8E7C00665338 /* ContentView.swift in Sources */,
				6F89EE3923AB917300665338 /* ContentViewModel.swift in Sources */,
			);
			runOnlyForDeploymentPostprocessing = 0;
		};
		6F89EE2323AB8E8300665338 /* Sources */ = {
			isa = PBXSourcesBuildPhase;
			buildActionMask = 2147483647;
			files = (
				6F89EE2C23AB8E8300665338 /* QuizTests.swift in Sources */,
			);
			runOnlyForDeploymentPostprocessing = 0;
		};
/* End PBXSourcesBuildPhase section */

/* Begin PBXTargetDependency section */
		6F89EE2923AB8E8300665338 /* PBXTargetDependency */ = {
			isa = PBXTargetDependency;
			target = 6F89EE1023AB8E7C00665338 /* Quiz */;
			targetProxy = 6F89EE2823AB8E8300665338 /* PBXContainerItemProxy */;
		};
/* End PBXTargetDependency section */

/* Begin PBXVariantGroup section */
		6F89EE1F23AB8E8200665338 /* LaunchScreen.storyboard */ = {
			isa = PBXVariantGroup;
			children = (
				6F89EE2023AB8E8200665338 /* Base */,
			);
			name = LaunchScreen.storyboard;
			sourceTree = "<group>";
		};
/* End PBXVariantGroup section */

/* Begin XCBuildConfiguration section */
		6F89EE2E23AB8E8300665338 /* Debug */ = {
			isa = XCBuildConfiguration;
			buildSettings = {
				ALWAYS_SEARCH_USER_PATHS = NO;
				CLANG_ANALYZER_NONNULL = YES;
				CLANG_ANALYZER_NUMBER_OBJECT_CONVERSION = YES_AGGRESSIVE;
				CLANG_CXX_LANGUAGE_STANDARD = "gnu++14";
				CLANG_CXX_LIBRARY = "libc++";
				CLANG_ENABLE_MODULES = YES;
				CLANG_ENABLE_OBJC_ARC = YES;
				CLANG_ENABLE_OBJC_WEAK = YES;
				CLANG_WARN_BLOCK_CAPTURE_AUTORELEASING = YES;
				CLANG_WARN_BOOL_CONVERSION = YES;
				CLANG_WARN_COMMA = YES;
				CLANG_WARN_CONSTANT_CONVERSION = YES;
				CLANG_WARN_DEPRECATED_OBJC_IMPLEMENTATIONS = YES;
				CLANG_WARN_DIRECT_OBJC_ISA_USAGE = YES_ERROR;
				CLANG_WARN_DOCUMENTATION_COMMENTS = YES;
				CLANG_WARN_EMPTY_BODY = YES;
				CLANG_WARN_ENUM_CONVERSION = YES;
				CLANG_WARN_INFINITE_RECURSION = YES;
				CLANG_WARN_INT_CONVERSION = YES;
				CLANG_WARN_NON_LITERAL_NULL_CONVERSION = YES;
				CLANG_WARN_OBJC_IMPLICIT_RETAIN_SELF = YES;
				CLANG_WARN_OBJC_LITERAL_CONVERSION = YES;
				CLANG_WARN_OBJC_ROOT_CLASS = YES_ERROR;
				CLANG_WARN_RANGE_LOOP_ANALYSIS = YES;
				CLANG_WARN_STRICT_PROTOTYPES = YES;
				CLANG_WARN_SUSPICIOUS_MOVE = YES;
				CLANG_WARN_UNGUARDED_AVAILABILITY = YES_AGGRESSIVE;
				CLANG_WARN_UNREACHABLE_CODE = YES;
				CLANG_WARN__DUPLICATE_METHOD_MATCH = YES;
				COPY_PHASE_STRIP = NO;
				DEBUG_INFORMATION_FORMAT = dwarf;
				ENABLE_STRICT_OBJC_MSGSEND = YES;
				ENABLE_TESTABILITY = YES;
				GCC_C_LANGUAGE_STANDARD = gnu11;
				GCC_DYNAMIC_NO_PIC = NO;
				GCC_NO_COMMON_BLOCKS = YES;
				GCC_OPTIMIZATION_LEVEL = 0;
				GCC_PREPROCESSOR_DEFINITIONS = (
					"DEBUG=1",
					"$(inherited)",
				);
				GCC_WARN_64_TO_32_BIT_CONVERSION = YES;
				GCC_WARN_ABOUT_RETURN_TYPE = YES_ERROR;
				GCC_WARN_UNDECLARED_SELECTOR = YES;
				GCC_WARN_UNINITIALIZED_AUTOS = YES_AGGRESSIVE;
				GCC_WARN_UNUSED_FUNCTION = YES;
				GCC_WARN_UNUSED_VARIABLE = YES;
				IPHONEOS_DEPLOYMENT_TARGET = 13.2;
				MTL_ENABLE_DEBUG_INFO = INCLUDE_SOURCE;
				MTL_FAST_MATH = YES;
				ONLY_ACTIVE_ARCH = YES;
				SDKROOT = iphoneos;
				SWIFT_ACTIVE_COMPILATION_CONDITIONS = DEBUG;
				SWIFT_OPTIMIZATION_LEVEL = "-Onone";
			};
			name = Debug;
		};
		6F89EE2F23AB8E8300665338 /* Release */ = {
			isa = XCBuildConfiguration;
			buildSettings = {
				ALWAYS_SEARCH_USER_PATHS = NO;
				CLANG_ANALYZER_NONNULL = YES;
				CLANG_ANALYZER_NUMBER_OBJECT_CONVERSION = YES_AGGRESSIVE;
				CLANG_CXX_LANGUAGE_STANDARD = "gnu++14";
				CLANG_CXX_LIBRARY = "libc++";
				CLANG_ENABLE_MODULES = YES;
				CLANG_ENABLE_OBJC_ARC = YES;
				CLANG_ENABLE_OBJC_WEAK = YES;
				CLANG_WARN_BLOCK_CAPTURE_AUTORELEASING = YES;
				CLANG_WARN_BOOL_CONVERSION = YES;
				CLANG_WARN_COMMA = YES;
				CLANG_WARN_CONSTANT_CONVERSION = YES;
				CLANG_WARN_DEPRECATED_OBJC_IMPLEMENTATIONS = YES;
				CLANG_WARN_DIRECT_OBJC_ISA_USAGE = YES_ERROR;
				CLANG_WARN_DOCUMENTATION_COMMENTS = YES;
				CLANG_WARN_EMPTY_BODY = YES;
				CLANG_WARN_ENUM_CONVERSION = YES;
				CLANG_WARN_INFINITE_RECURSION = YES;
				CLANG_WARN_INT_CONVERSION = YES;
				CLANG_WARN_NON_LITERAL_NULL_CONVERSION = YES;
				CLANG_WARN_OBJC_IMPLICIT_RETAIN_SELF = YES;
				CLANG_WARN_OBJC_LITERAL_CONVERSION = YES;
				CLANG_WARN_OBJC_ROOT_CLASS = YES_ERROR;
				CLANG_WARN_RANGE_LOOP_ANALYSIS = YES;
				CLANG_WARN_STRICT_PROTOTYPES = YES;
				CLANG_WARN_SUSPICIOUS_MOVE = YES;
				CLANG_WARN_UNGUARDED_AVAILABILITY = YES_AGGRESSIVE;
				CLANG_WARN_UNREACHABLE_CODE = YES;
				CLANG_WARN__DUPLICATE_METHOD_MATCH = YES;
				COPY_PHASE_STRIP = NO;
				DEBUG_INFORMATION_FORMAT = "dwarf-with-dsym";
				ENABLE_NS_ASSERTIONS = NO;
				ENABLE_STRICT_OBJC_MSGSEND = YES;
				GCC_C_LANGUAGE_STANDARD = gnu11;
				GCC_NO_COMMON_BLOCKS = YES;
				GCC_WARN_64_TO_32_BIT_CONVERSION = YES;
				GCC_WARN_ABOUT_RETURN_TYPE = YES_ERROR;
				GCC_WARN_UNDECLARED_SELECTOR = YES;
				GCC_WARN_UNINITIALIZED_AUTOS = YES_AGGRESSIVE;
				GCC_WARN_UNUSED_FUNCTION = YES;
				GCC_WARN_UNUSED_VARIABLE = YES;
				IPHONEOS_DEPLOYMENT_TARGET = 13.2;
				MTL_ENABLE_DEBUG_INFO = NO;
				MTL_FAST_MATH = YES;
				SDKROOT = iphoneos;
				SWIFT_COMPILATION_MODE = wholemodule;
				SWIFT_OPTIMIZATION_LEVEL = "-O";
				VALIDATE_PRODUCT = YES;
			};
			name = Release;
		};
		6F89EE3123AB8E8300665338 /* Debug */ = {
			isa = XCBuildConfiguration;
			buildSettings = {
				ASSETCATALOG_COMPILER_APPICON_NAME = AppIcon;
				CODE_SIGN_STYLE = Automatic;
				DEVELOPMENT_ASSET_PATHS = "\"Quiz/Preview Content\"";
				DEVELOPMENT_TEAM = YKW4K6F98F;
				ENABLE_PREVIEWS = YES;
				INFOPLIST_FILE = Quiz/Info.plist;
				LD_RUNPATH_SEARCH_PATHS = (
					"$(inherited)",
					"@executable_path/Frameworks",
				);
				PRODUCT_BUNDLE_IDENTIFIER = de.hshl.isd.Quiz;
				PRODUCT_NAME = "$(TARGET_NAME)";
				SWIFT_VERSION = 5.0;
				TARGETED_DEVICE_FAMILY = "1,2";
			};
			name = Debug;
		};
		6F89EE3223AB8E8300665338 /* Release */ = {
			isa = XCBuildConfiguration;
			buildSettings = {
				ASSETCATALOG_COMPILER_APPICON_NAME = AppIcon;
				CODE_SIGN_STYLE = Automatic;
				DEVELOPMENT_ASSET_PATHS = "\"Quiz/Preview Content\"";
				DEVELOPMENT_TEAM = YKW4K6F98F;
				ENABLE_PREVIEWS = YES;
				INFOPLIST_FILE = Quiz/Info.plist;
				LD_RUNPATH_SEARCH_PATHS = (
					"$(inherited)",
					"@executable_path/Frameworks",
				);
				PRODUCT_BUNDLE_IDENTIFIER = de.hshl.isd.Quiz;
				PRODUCT_NAME = "$(TARGET_NAME)";
				SWIFT_VERSION = 5.0;
				TARGETED_DEVICE_FAMILY = "1,2";
			};
			name = Release;
		};
		6F89EE3423AB8E8300665338 /* Debug */ = {
			isa = XCBuildConfiguration;
			buildSettings = {
				ALWAYS_EMBED_SWIFT_STANDARD_LIBRARIES = YES;
				BUNDLE_LOADER = "$(TEST_HOST)";
				CODE_SIGN_STYLE = Automatic;
				DEVELOPMENT_TEAM = YKW4K6F98F;
				INFOPLIST_FILE = QuizTests/Info.plist;
				IPHONEOS_DEPLOYMENT_TARGET = 13.2;
				LD_RUNPATH_SEARCH_PATHS = (
					"$(inherited)",
					"@executable_path/Frameworks",
					"@loader_path/Frameworks",
				);
				PRODUCT_BUNDLE_IDENTIFIER = de.hshl.isd.QuizTests;
				PRODUCT_NAME = "$(TARGET_NAME)";
				SWIFT_VERSION = 5.0;
				TARGETED_DEVICE_FAMILY = "1,2";
				TEST_HOST = "$(BUILT_PRODUCTS_DIR)/Quiz.app/Quiz";
			};
			name = Debug;
		};
		6F89EE3523AB8E8300665338 /* Release */ = {
			isa = XCBuildConfiguration;
			buildSettings = {
				ALWAYS_EMBED_SWIFT_STANDARD_LIBRARIES = YES;
				BUNDLE_LOADER = "$(TEST_HOST)";
				CODE_SIGN_STYLE = Automatic;
				DEVELOPMENT_TEAM = YKW4K6F98F;
				INFOPLIST_FILE = QuizTests/Info.plist;
				IPHONEOS_DEPLOYMENT_TARGET = 13.2;
				LD_RUNPATH_SEARCH_PATHS = (
					"$(inherited)",
					"@executable_path/Frameworks",
					"@loader_path/Frameworks",
				);
				PRODUCT_BUNDLE_IDENTIFIER = de.hshl.isd.QuizTests;
				PRODUCT_NAME = "$(TARGET_NAME)";
				SWIFT_VERSION = 5.0;
				TARGETED_DEVICE_FAMILY = "1,2";
				TEST_HOST = "$(BUILT_PRODUCTS_DIR)/Quiz.app/Quiz";
			};
			name = Release;
		};
/* End XCBuildConfiguration section */

/* Begin XCConfigurationList section */
		6F89EE0C23AB8E7C00665338 /* Build configuration list for PBXProject "Quiz" */ = {
			isa = XCConfigurationList;
			buildConfigurations = (
				6F89EE2E23AB8E8300665338 /* Debug */,
				6F89EE2F23AB8E8300665338 /* Release */,
			);
			defaultConfigurationIsVisible = 0;
			defaultConfigurationName = Release;
		};
		6F89EE3023AB8E8300665338 /* Build configuration list for PBXNativeTarget "Quiz" */ = {
			isa = XCConfigurationList;
			buildConfigurations = (
				6F89EE3123AB8E8300665338 /* Debug */,
				6F89EE3223AB8E8300665338 /* Release */,
			);
			defaultConfigurationIsVisible = 0;
			defaultConfigurationName = Release;
		};
		6F89EE3323AB8E8300665338 /* Build configuration list for PBXNativeTarget "QuizTests" */ = {
			isa = XCConfigurationList;
			buildConfigurations = (
				6F89EE3423AB8E8300665338 /* Debug */,
				6F89EE3523AB8E8300665338 /* Release */,
			);
			defaultConfigurationIsVisible = 0;
			defaultConfigurationName = Release;
		};
/* End XCConfigurationList section */
	};
	rootObject = 6F89EE0923AB8E7C00665338 /* Project object */;
}
